
Microsoft Visual Studio Solution File, Format Version 12.00
# Visual Studio Version 17
VisualStudioVersion = 17.1.32421.90
MinimumVisualStudioVersion = 10.0.40219.1
Project("{FAE04EC0-301F-11D3-BF4B-00C04F79EFBC}") = "Variables_C", "Variables_C.csproj", "{C3F05F13-C930-4110-952B-96D17D21A9F9}"
EndProject
Global
	GlobalSection(SolutionConfigurationPlatforms) = preSolution
		Debug|Any CPU = Debug|Any CPU
		Release|Any CPU = Release|Any CPU
	EndGlobalSection
	GlobalSection(ProjectConfigurationPlatforms) = postSolution
		{C3F05F13-C930-4110-952B-96D17D21A9F9}.Debug|Any CPU.ActiveCfg = Debug|Any CPU
		{C3F05F13-C930-4110-952B-96D17D21A9F9}.Debug|Any CPU.Build.0 = Debug|Any CPU
		{C3F05F13-C930-4110-952B-96D17D21A9F9}.Release|Any CPU.ActiveCfg = Release|Any CPU
		{C3F05F13-C930-4110-952B-96D17D21A9F9}.Release|Any CPU.Build.0 = Release|Any CPU
	EndGlobalSection
	GlobalSection(SolutionProperties) = preSolution
		HideSolutionNode = FALSE
	EndGlobalSection
	GlobalSection(ExtensibilityGlobals) = postSolution
		SolutionGuid = {01E7EB54-5C87-47DD-AC2D-E506A3ADD9E3}
	EndGlobalSection
EndGlobal
